
Microsoft Visual Studio Solution File, Format Version 12.00
# Visual Studio Version 17
VisualStudioVersion = 17.4.33213.308
MinimumVisualStudioVersion = 10.0.40219.1
Project("{9A19103F-16F7-4668-BE54-9A1E7A4F7556}") = "FlickGit.Core", "src\FlickGit.Core\FlickGit.Core.csproj", "{1B0E4C21-7F3A-4D58-9C11-5E7A2D0B4411}"
EndProject
Project("{9A19103F-16F7-4668-BE54-9A1E7A4F7556}") = "FlickGit.App", "src\FlickGit.App\FlickGit.App.csproj", "{2C1F5D32-8A4B-4E69-AD22-6F8B3E1C5522}"
EndProject
Project("{9A19103F-16F7-4668-BE54-9A1E7A4F7556}") = "FlickGit.Cli", "src\FlickGit.Cli\FlickGit.Cli.csproj", "{3D2A6E43-9B5C-4F7A-BE33-7A9C4F2D6633}"
EndProject
Project("{2150E333-8FDC-42A3-9474-1A3956D46DE8}") = "tests", "tests", "{4E3B7F54-AC6D-4A8B-CF44-8BAD5A3E7744}"
EndProject
Project("{9A19103F-16F7-4668-BE54-9A1E7A4F7556}") = "FlickGit.Core.Tests", "tests\FlickGit.Core.Tests\FlickGit.Core.Tests.csproj", "{5F4C8A65-BD7E-4B9C-DA55-9CBE6B4F8855}"
EndProject
Project("{2150E333-8FDC-42A3-9474-1A3956D46DE8}") = "src", "src", "{827E0CD3-B72D-47B6-A68D-7590B98EB39B}"
EndProject
Project("{FAE04EC0-301F-11D3-BF4B-00C04F79EFBC}") = "FlickGit.Shell", "src\FlickGit.Shell\FlickGit.Shell.csproj", "{1FB4CE52-0524-4AEF-A2FD-86F608129499}"
EndProject
Project("{FAE04EC0-301F-11D3-BF4B-00C04F79EFBC}") = "FlickGit.App.Common", "src\FlickGit.App.Common\FlickGit.App.Common.csproj", "{2588EF0B-A6FB-4685-95CB-2CFD00D6D94B}"
EndProject
Project("{FAE04EC0-301F-11D3-BF4B-00C04F79EFBC}") = "FlickGit.App.Mac.Cli", "src\FlickGit.App.Mac.Cli\FlickGit.App.Mac.Cli.csproj", "{72C792D1-FE00-4087-8CB3-40FE428466B0}"
EndProject
Global
	GlobalSection(SolutionConfigurationPlatforms) = preSolution
		Debug|Any CPU = Debug|Any CPU
		Debug|x64 = Debug|x64
		Debug|x86 = Debug|x86
		Release|Any CPU = Release|Any CPU
		Release|x64 = Release|x64
		Release|x86 = Release|x86
	EndGlobalSection
	GlobalSection(ProjectConfigurationPlatforms) = postSolution
		{1B0E4C21-7F3A-4D58-9C11-5E7A2D0B4411}.Debug|Any CPU.ActiveCfg = Debug|Any CPU
		{1B0E4C21-7F3A-4D58-9C11-5E7A2D0B4411}.Debug|Any CPU.Build.0 = Debug|Any CPU
		{1B0E4C21-7F3A-4D58-9C11-5E7A2D0B4411}.Debug|x64.ActiveCfg = Debug|Any CPU
		{1B0E4C21-7F3A-4D58-9C11-5E7A2D0B4411}.Debug|x64.Build.0 = Debug|Any CPU
		{1B0E4C21-7F3A-4D58-9C11-5E7A2D0B4411}.Debug|x86.ActiveCfg = Debug|Any CPU
		{1B0E4C21-7F3A-4D58-9C11-5E7A2D0B4411}.Debug|x86.Build.0 = Debug|Any CPU
		{1B0E4C21-7F3A-4D58-9C11-5E7A2D0B4411}.Release|Any CPU.ActiveCfg = Release|Any CPU
		{1B0E4C21-7F3A-4D58-9C11-5E7A2D0B4411}.Release|Any CPU.Build.0 = Release|Any CPU
		{1B0E4C21-7F3A-4D58-9C11-5E7A2D0B4411}.Release|x64.ActiveCfg = Release|Any CPU
		{1B0E4C21-7F3A-4D58-9C11-5E7A2D0B4411}.Release|x64.Build.0 = Release|Any CPU
		{1B0E4C21-7F3A-4D58-9C11-5E7A2D0B4411}.Release|x86.ActiveCfg = Release|Any CPU
		{1B0E4C21-7F3A-4D58-9C11-5E7A2D0B4411}.Release|x86.Build.0 = Release|Any CPU
		{2C1F5D32-8A4B-4E69-AD22-6F8B3E1C5522}.Debug|Any CPU.ActiveCfg = Debug|Any CPU
		{2C1F5D32-8A4B-4E69-AD22-6F8B3E1C5522}.Debug|Any CPU.Build.0 = Debug|Any CPU
		{2C1F5D32-8A4B-4E69-AD22-6F8B3E1C5522}.Debug|x64.ActiveCfg = Debug|Any CPU
		{2C1F5D32-8A4B-4E69-AD22-6F8B3E1C5522}.Debug|x64.Build.0 = Debug|Any CPU
		{2C1F5D32-8A4B-4E69-AD22-6F8B3E1C5522}.Debug|x86.ActiveCfg = Debug|Any CPU
		{2C1F5D32-8A4B-4E69-AD22-6F8B3E1C5522}.Debug|x86.Build.0 = Debug|Any CPU
		{2C1F5D32-8A4B-4E69-AD22-6F8B3E1C5522}.Release|Any CPU.ActiveCfg = Release|Any CPU
		{2C1F5D32-8A4B-4E69-AD22-6F8B3E1C5522}.Release|Any CPU.Build.0 = Release|Any CPU
		{2C1F5D32-8A4B-4E69-AD22-6F8B3E1C5522}.Release|x64.ActiveCfg = Release|Any CPU
		{2C1F5D32-8A4B-4E69-AD22-6F8B3E1C5522}.Release|x64.Build.0 = Release|Any CPU
		{2C1F5D32-8A4B-4E69-AD22-6F8B3E1C5522}.Release|x86.ActiveCfg = Release|Any CPU
		{2C1F5D32-8A4B-4E69-AD22-6F8B3E1C5522}.Release|x86.Build.0 = Release|Any CPU
		{3D2A6E43-9B5C-4F7A-BE33-7A9C4F2D6633}.Debug|Any CPU.ActiveCfg = Debug|Any CPU
		{3D2A6E43-9B5C-4F7A-BE33-7A9C4F2D6633}.Debug|Any CPU.Build.0 = Debug|Any CPU
		{3D2A6E43-9B5C-4F7A-BE33-7A9C4F2D6633}.Debug|x64.ActiveCfg = Debug|Any CPU
		{3D2A6E43-9B5C-4F7A-BE33-7A9C4F2D6633}.Debug|x64.Build.0 = Debug|Any CPU
		{3D2A6E43-9B5C-4F7A-BE33-7A9C4F2D6633}.Debug|x86.ActiveCfg = Debug|Any CPU
		{3D2A6E43-9B5C-4F7A-BE33-7A9C4F2D6633}.Debug|x86.Build.0 = Debug|Any CPU
		{3D2A6E43-9B5C-4F7A-BE33-7A9C4F2D6633}.Release|Any CPU.ActiveCfg = Release|Any CPU
		{3D2A6E43-9B5C-4F7A-BE33-7A9C4F2D6633}.Release|Any CPU.Build.0 = Release|Any CPU
		{3D2A6E43-9B5C-4F7A-BE33-7A9C4F2D6633}.Release|x64.ActiveCfg = Release|Any CPU
		{3D2A6E43-9B5C-4F7A-BE33-7A9C4F2D6633}.Release|x64.Build.0 = Release|Any CPU
		{3D2A6E43-9B5C-4F7A-BE33-7A9C4F2D6633}.Release|x86.ActiveCfg = Release|Any CPU
		{3D2A6E43-9B5C-4F7A-BE33-7A9C4F2D6633}.Release|x86.Build.0 = Release|Any CPU
		{5F4C8A65-BD7E-4B9C-DA55-9CBE6B4F8855}.Debug|Any CPU.ActiveCfg = Debug|Any CPU
		{5F4C8A65-BD7E-4B9C-DA55-9CBE6B4F8855}.Debug|Any CPU.Build.0 = Debug|Any CPU
		{5F4C8A65-BD7E-4B9C-DA55-9CBE6B4F8855}.Debug|x64.ActiveCfg = Debug|Any CPU
		{5F4C8A65-BD7E-4B9C-DA55-9CBE6B4F8855}.Debug|x64.Build.0 = Debug|Any CPU
		{5F4C8A65-BD7E-4B9C-DA55-9CBE6B4F8855}.Debug|x86.ActiveCfg = Debug|Any CPU
		{5F4C8A65-BD7E-4B9C-DA55-9CBE6B4F8855}.Debug|x86.Build.0 = Debug|Any CPU
		{5F4C8A65-BD7E-4B9C-DA55-9CBE6B4F8855}.Release|Any CPU.ActiveCfg = Release|Any CPU
		{5F4C8A65-BD7E-4B9C-DA55-9CBE6B4F8855}.Release|Any CPU.Build.0 = Release|Any CPU
		{5F4C8A65-BD7E-4B9C-DA55-9CBE6B4F8855}.Release|x64.ActiveCfg = Release|Any CPU
		{5F4C8A65-BD7E-4B9C-DA55-9CBE6B4F8855}.Release|x64.Build.0 = Release|Any CPU
		{5F4C8A65-BD7E-4B9C-DA55-9CBE6B4F8855}.Release|x86.ActiveCfg = Release|Any CPU
		{5F4C8A65-BD7E-4B9C-DA55-9CBE6B4F8855}.Release|x86.Build.0 = Release|Any CPU
		{1FB4CE52-0524-4AEF-A2FD-86F608129499}.Debug|Any CPU.ActiveCfg = Debug|Any CPU
		{1FB4CE52-0524-4AEF-A2FD-86F608129499}.Debug|Any CPU.Build.0 = Debug|Any CPU
		{1FB4CE52-0524-4AEF-A2FD-86F608129499}.Debug|x64.ActiveCfg = Debug|Any CPU
		{1FB4CE52-0524-4AEF-A2FD-86F608129499}.Debug|x64.Build.0 = Debug|Any CPU
		{1FB4CE52-0524-4AEF-A2FD-86F608129499}.Debug|x86.ActiveCfg = Debug|Any CPU
		{1FB4CE52-0524-4AEF-A2FD-86F608129499}.Debug|x86.Build.0 = Debug|Any CPU
		{1FB4CE52-0524-4AEF-A2FD-86F608129499}.Release|Any CPU.ActiveCfg = Release|Any CPU
		{1FB4CE52-0524-4AEF-A2FD-86F608129499}.Release|Any CPU.Build.0 = Release|Any CPU
		{1FB4CE52-0524-4AEF-A2FD-86F608129499}.Release|x64.ActiveCfg = Release|Any CPU
		{1FB4CE52-0524-4AEF-A2FD-86F608129499}.Release|x64.Build.0 = Release|Any CPU
		{1FB4CE52-0524-4AEF-A2FD-86F608129499}.Release|x86.ActiveCfg = Release|Any CPU
		{1FB4CE52-0524-4AEF-A2FD-86F608129499}.Release|x86.Build.0 = Release|Any CPU
		{2588EF0B-A6FB-4685-95CB-2CFD00D6D94B}.Debug|Any CPU.ActiveCfg = Debug|Any CPU
		{2588EF0B-A6FB-4685-95CB-2CFD00D6D94B}.Debug|Any CPU.Build.0 = Debug|Any CPU
		{2588EF0B-A6FB-4685-95CB-2CFD00D6D94B}.Debug|x64.ActiveCfg = Debug|Any CPU
		{2588EF0B-A6FB-4685-95CB-2CFD00D6D94B}.Debug|x64.Build.0 = Debug|Any CPU
		{2588EF0B-A6FB-4685-95CB-2CFD00D6D94B}.Debug|x86.ActiveCfg = Debug|Any CPU
		{2588EF0B-A6FB-4685-95CB-2CFD00D6D94B}.Debug|x86.Build.0 = Debug|Any CPU
		{2588EF0B-A6FB-4685-95CB-2CFD00D6D94B}.Release|Any CPU.ActiveCfg = Release|Any CPU
		{2588EF0B-A6FB-4685-95CB-2CFD00D6D94B}.Release|Any CPU.Build.0 = Release|Any CPU
		{2588EF0B-A6FB-4685-95CB-2CFD00D6D94B}.Release|x64.ActiveCfg = Release|Any CPU
		{2588EF0B-A6FB-4685-95CB-2CFD00D6D94B}.Release|x64.Build.0 = Release|Any CPU
		{2588EF0B-A6FB-4685-95CB-2CFD00D6D94B}.Release|x86.ActiveCfg = Release|Any CPU
		{2588EF0B-A6FB-4685-95CB-2CFD00D6D94B}.Release|x86.Build.0 = Release|Any CPU
		{72C792D1-FE00-4087-8CB3-40FE428466B0}.Debug|Any CPU.ActiveCfg = Debug|Any CPU
		{72C792D1-FE00-4087-8CB3-40FE428466B0}.Debug|Any CPU.Build.0 = Debug|Any CPU
		{72C792D1-FE00-4087-8CB3-40FE428466B0}.Debug|x64.ActiveCfg = Debug|Any CPU
		{72C792D1-FE00-4087-8CB3-40FE428466B0}.Debug|x64.Build.0 = Debug|Any CPU
		{72C792D1-FE00-4087-8CB3-40FE428466B0}.Debug|x86.ActiveCfg = Debug|Any CPU
		{72C792D1-FE00-4087-8CB3-40FE428466B0}.Debug|x86.Build.0 = Debug|Any CPU
		{72C792D1-FE00-4087-8CB3-40FE428466B0}.Release|Any CPU.ActiveCfg = Release|Any CPU
		{72C792D1-FE00-4087-8CB3-40FE428466B0}.Release|Any CPU.Build.0 = Release|Any CPU
		{72C792D1-FE00-4087-8CB3-40FE428466B0}.Release|x64.ActiveCfg = Release|Any CPU
		{72C792D1-FE00-4087-8CB3-40FE428466B0}.Release|x64.Build.0 = Release|Any CPU
		{72C792D1-FE00-4087-8CB3-40FE428466B0}.Release|x86.ActiveCfg = Release|Any CPU
		{72C792D1-FE00-4087-8CB3-40FE428466B0}.Release|x86.Build.0 = Release|Any CPU
	EndGlobalSection
	GlobalSection(SolutionProperties) = preSolution
		HideSolutionNode = FALSE
	EndGlobalSection
	GlobalSection(NestedProjects) = preSolution
		{5F4C8A65-BD7E-4B9C-DA55-9CBE6B4F8855} = {4E3B7F54-AC6D-4A8B-CF44-8BAD5A3E7744}
		{1FB4CE52-0524-4AEF-A2FD-86F608129499} = {827E0CD3-B72D-47B6-A68D-7590B98EB39B}
		{2588EF0B-A6FB-4685-95CB-2CFD00D6D94B} = {827E0CD3-B72D-47B6-A68D-7590B98EB39B}
		{72C792D1-FE00-4087-8CB3-40FE428466B0} = {827E0CD3-B72D-47B6-A68D-7590B98EB39B}
	EndGlobalSection
	GlobalSection(ExtensibilityGlobals) = postSolution
		SolutionGuid = {A7E1C9D2-4B83-4F16-8E5A-2D6C71B94F08}
	EndGlobalSection
EndGlobal
